
Microsoft Visual Studio Solution File, Format Version 12.00
# Visual Studio Version 17
VisualStudioVersion = 17.8.34511.84
MinimumVisualStudioVersion = 10.0.40219.1
Project("{FAE04EC0-301F-11D3-BF4B-00C04F79EFBC}") = "ProjetoAPI", "ProjetoAPI\ProjetoAPI.csproj", "{FB1AC6BD-2AA3-4CC2-BA88-AA016F667F73}"
EndProject
Global
	GlobalSection(SolutionConfigurationPlatforms) = preSolution
		Debug|Any CPU = Debug|Any CPU
		Release|Any CPU = Release|Any CPU
	EndGlobalSection
	GlobalSection(ProjectConfigurationPlatforms) = postSolution
		{FB1AC6BD-2AA3-4CC2-BA88-AA016F667F73}.Debug|Any CPU.ActiveCfg = Debug|Any CPU
		{FB1AC6BD-2AA3-4CC2-BA88-AA016F667F73}.Debug|Any CPU.Build.0 = Debug|Any CPU
		{FB1AC6BD-2AA3-4CC2-BA88-AA016F667F73}.Release|Any CPU.ActiveCfg = Release|Any CPU
		{FB1AC6BD-2AA3-4CC2-BA88-AA016F667F73}.Release|Any CPU.Build.0 = Release|Any CPU
	EndGlobalSection
	GlobalSection(SolutionProperties) = preSolution
		HideSolutionNode = FALSE
	EndGlobalSection
	GlobalSection(ExtensibilityGlobals) = postSolution
		SolutionGuid = {701C8C10-547F-4C2E-89A8-1DC19BAA1B1D}
	EndGlobalSection
EndGlobal
